
Microsoft Visual Studio Solution File, Format Version 11.00
# Visual Studio 2010
Project("{FAE04EC0-301F-11D3-BF4B-00C04F79EFBC}") = "GSinPV", "GSinPV\GSinPV.csproj", "{C1F3C2F9-5F0E-47B5-810D-F213141BE86E}"
EndProject
Project("{FAE04EC0-301F-11D3-BF4B-00C04F79EFBC}") = "GSinPV.Web", "GSinPV.Web\GSinPV.Web.csproj", "{A35409DF-F504-4135-93DE-41F583B9E4C2}"
EndProject
Global
	GlobalSection(SolutionConfigurationPlatforms) = preSolution
		Debug|Any CPU = Debug|Any CPU
		Release|Any CPU = Release|Any CPU
	EndGlobalSection
	GlobalSection(ProjectConfigurationPlatforms) = postSolution
		{C1F3C2F9-5F0E-47B5-810D-F213141BE86E}.Debug|Any CPU.ActiveCfg = Debug|Any CPU
		{C1F3C2F9-5F0E-47B5-810D-F213141BE86E}.Debug|Any CPU.Build.0 = Debug|Any CPU
		{C1F3C2F9-5F0E-47B5-810D-F213141BE86E}.Release|Any CPU.ActiveCfg = Release|Any CPU
		{C1F3C2F9-5F0E-47B5-810D-F213141BE86E}.Release|Any CPU.Build.0 = Release|Any CPU
		{A35409DF-F504-4135-93DE-41F583B9E4C2}.Debug|Any CPU.ActiveCfg = Debug|Any CPU
		{A35409DF-F504-4135-93DE-41F583B9E4C2}.Debug|Any CPU.Build.0 = Debug|Any CPU
		{A35409DF-F504-4135-93DE-41F583B9E4C2}.Release|Any CPU.ActiveCfg = Release|Any CPU
		{A35409DF-F504-4135-93DE-41F583B9E4C2}.Release|Any CPU.Build.0 = Release|Any CPU
	EndGlobalSection
	GlobalSection(SolutionProperties) = preSolution
		HideSolutionNode = FALSE
	EndGlobalSection
EndGlobal
